
Microsoft Visual Studio Solution File, Format Version 12.00
# Visual Studio Version 17
VisualStudioVersion = 17.5.33424.131
MinimumVisualStudioVersion = 10.0.40219.1
Project("{FAE04EC0-301F-11D3-BF4B-00C04F79EFBC}") = "ArraysEhFuncoes.ConsoleApp", "ArraysEhFuncoes.ConsoleApp\ArraysEhFuncoes.ConsoleApp.csproj", "{3038C1A2-1463-45FA-9FE4-41303B29A8DD}"
EndProject
Global
	GlobalSection(SolutionConfigurationPlatforms) = preSolution
		Debug|Any CPU = Debug|Any CPU
		Release|Any CPU = Release|Any CPU
	EndGlobalSection
	GlobalSection(ProjectConfigurationPlatforms) = postSolution
		{3038C1A2-1463-45FA-9FE4-41303B29A8DD}.Debug|Any CPU.ActiveCfg = Debug|Any CPU
		{3038C1A2-1463-45FA-9FE4-41303B29A8DD}.Debug|Any CPU.Build.0 = Debug|Any CPU
		{3038C1A2-1463-45FA-9FE4-41303B29A8DD}.Release|Any CPU.ActiveCfg = Release|Any CPU
		{3038C1A2-1463-45FA-9FE4-41303B29A8DD}.Release|Any CPU.Build.0 = Release|Any CPU
	EndGlobalSection
	GlobalSection(SolutionProperties) = preSolution
		HideSolutionNode = FALSE
	EndGlobalSection
	GlobalSection(ExtensibilityGlobals) = postSolution
		SolutionGuid = {35FEB6F6-5F58-4A0D-B6B9-49A02A50E39B}
	EndGlobalSection
EndGlobal
